
Microsoft Visual Studio Solution File, Format Version 12.00
# Visual Studio Version 17
VisualStudioVersion = 17.4.33213.308
MinimumVisualStudioVersion = 10.0.40219.1
Project("{FAE04EC0-301F-11D3-BF4B-00C04F79EFBC}") = "vevorws2mqtt", "vevorws2mqtt.csproj", "{07DCC160-106F-4764-9788-A53CC9B6CFFE}"
EndProject
Global
	GlobalSection(SolutionConfigurationPlatforms) = preSolution
		Debug|Any CPU = Debug|Any CPU
		Release|Any CPU = Release|Any CPU
	EndGlobalSection
	GlobalSection(ProjectConfigurationPlatforms) = postSolution
		{07DCC160-106F-4764-9788-A53CC9B6CFFE}.Debug|Any CPU.ActiveCfg = Debug|Any CPU
		{07DCC160-106F-4764-9788-A53CC9B6CFFE}.Debug|Any CPU.Build.0 = Debug|Any CPU
		{07DCC160-106F-4764-9788-A53CC9B6CFFE}.Release|Any CPU.ActiveCfg = Release|Any CPU
		{07DCC160-106F-4764-9788-A53CC9B6CFFE}.Release|Any CPU.Build.0 = Release|Any CPU
	EndGlobalSection
	GlobalSection(SolutionProperties) = preSolution
		HideSolutionNode = FALSE
	EndGlobalSection
	GlobalSection(ExtensibilityGlobals) = postSolution
		SolutionGuid = {F816C6DD-20E3-42F3-A528-89BF3BC6411D}
	EndGlobalSection
EndGlobal
